// !$*UTF8*$!
{
	archiveVersion = 1;
	classes = {
	};
	objectVersion = 50;
	objects = {

/* Begin PBXBuildFile section */
		6B6A7A8E9D7BC36AE9E9AE39 /* Pods_IEV_ExpenseUITests.framework in Frameworks */ = {isa = PBXBuildFile; fileRef = 66A318E0B56F3AE14B73B429 /* Pods_IEV_ExpenseUITests.framework */; };
		6BDBEA492313FFF2005A337C /* AppDelegate.swift in Sources */ = {isa = PBXBuildFile; fileRef = 6BDBEA482313FFF2005A337C /* AppDelegate.swift */; };
		6BDBEA4B2313FFF2005A337C /* ViewController.swift in Sources */ = {isa = PBXBuildFile; fileRef = 6BDBEA4A2313FFF2005A337C /* ViewController.swift */; };
		6BDBEA4E2313FFF2005A337C /* Main.storyboard in Resources */ = {isa = PBXBuildFile; fileRef = 6BDBEA4C2313FFF2005A337C /* Main.storyboard */; };
		6BDBEA502313FFF3005A337C /* Assets.xcassets in Resources */ = {isa = PBXBuildFile; fileRef = 6BDBEA4F2313FFF3005A337C /* Assets.xcassets */; };
		6BDBEA532313FFF3005A337C /* LaunchScreen.storyboard in Resources */ = {isa = PBXBuildFile; fileRef = 6BDBEA512313FFF3005A337C /* LaunchScreen.storyboard */; };
		6BDBEA5E2313FFF4005A337C /* IEV_ExpenseTests.swift in Sources */ = {isa = PBXBuildFile; fileRef = 6BDBEA5D2313FFF4005A337C /* IEV_ExpenseTests.swift */; };
		6BDBEA692313FFF4005A337C /* IEV_ExpenseUITests.swift in Sources */ = {isa = PBXBuildFile; fileRef = 6BDBEA682313FFF4005A337C /* IEV_ExpenseUITests.swift */; };
		9FE0F7C2DA98E7A57FD7239A /* Pods_IEV_Expense.framework in Frameworks */ = {isa = PBXBuildFile; fileRef = 2331A31758B7684F476CC115 /* Pods_IEV_Expense.framework */; };
		B7CEF911BD85993B37FA3DC6 /* Pods_IEV_ExpenseTests.framework in Frameworks */ = {isa = PBXBuildFile; fileRef = 86C53DB803818CDDFDBCEDD3 /* Pods_IEV_ExpenseTests.framework */; };
/* End PBXBuildFile section */

/* Begin PBXContainerItemProxy section */
		6BDBEA5A2313FFF4005A337C /* PBXContainerItemProxy */ = {
			isa = PBXContainerItemProxy;
			containerPortal = 6BDBEA3D2313FFF2005A337C /* Project object */;
			proxyType = 1;
			remoteGlobalIDString = 6BDBEA442313FFF2005A337C;
			remoteInfo = "IEV Expense";
		};
		6BDBEA652313FFF4005A337C /* PBXContainerItemProxy */ = {
			isa = PBXContainerItemProxy;
			containerPortal = 6BDBEA3D2313FFF2005A337C /* Project object */;
			proxyType = 1;
			remoteGlobalIDString = 6BDBEA442313FFF2005A337C;
			remoteInfo = "IEV Expense";
		};
/* End PBXContainerItemProxy section */

/* Begin PBXFileReference section */
		16617DC62451E38480EF7C30 /* Pods-IEV Expense.release.xcconfig */ = {isa = PBXFileReference; includeInIndex = 1; lastKnownFileType = text.xcconfig; name = "Pods-IEV Expense.release.xcconfig"; path = "Pods/Target Support Files/Pods-IEV Expense/Pods-IEV Expense.release.xcconfig"; sourceTree = "<group>"; };
		20E2675A3A8DDD126AF38DE0 /* Pods-IEV ExpenseTests.debug.xcconfig */ = {isa = PBXFileReference; includeInIndex = 1; lastKnownFileType = text.xcconfig; name = "Pods-IEV ExpenseTests.debug.xcconfig"; path = "Pods/Target Support Files/Pods-IEV ExpenseTests/Pods-IEV ExpenseTests.debug.xcconfig"; sourceTree = "<group>"; };
		2331A31758B7684F476CC115 /* Pods_IEV_Expense.framework */ = {isa = PBXFileReference; explicitFileType = wrapper.framework; includeInIndex = 0; path = Pods_IEV_Expense.framework; sourceTree = BUILT_PRODUCTS_DIR; };
		2FA2664211CFB0681DD338D6 /* Pods-IEV ExpenseTests.release.xcconfig */ = {isa = PBXFileReference; includeInIndex = 1; lastKnownFileType = text.xcconfig; name = "Pods-IEV ExpenseTests.release.xcconfig"; path = "Pods/Target Support Files/Pods-IEV ExpenseTests/Pods-IEV ExpenseTests.release.xcconfig"; sourceTree = "<group>"; };
		66A318E0B56F3AE14B73B429 /* Pods_IEV_ExpenseUITests.framework */ = {isa = PBXFileReference; explicitFileType = wrapper.framework; includeInIndex = 0; path = Pods_IEV_ExpenseUITests.framework; sourceTree = BUILT_PRODUCTS_DIR; };
		6BDBEA452313FFF2005A337C /* IEV Expense.app */ = {isa = PBXFileReference; explicitFileType = wrapper.application; includeInIndex = 0; path = "IEV Expense.app"; sourceTree = BUILT_PRODUCTS_DIR; };
		6BDBEA482313FFF2005A337C /* AppDelegate.swift */ = {isa = PBXFileReference; lastKnownFileType = sourcecode.swift; path = AppDelegate.swift; sourceTree = "<group>"; };
		6BDBEA4A2313FFF2005A337C /* ViewController.swift */ = {isa = PBXFileReference; lastKnownFileType = sourcecode.swift; path = ViewController.swift; sourceTree = "<group>"; };
		6BDBEA4D2313FFF2005A337C /* Base */ = {isa = PBXFileReference; lastKnownFileType = file.storyboard; name = Base; path = Base.lproj/Main.storyboard; sourceTree = "<group>"; };
		6BDBEA4F2313FFF3005A337C /* Assets.xcassets */ = {isa = PBXFileReference; lastKnownFileType = folder.assetcatalog; path = Assets.xcassets; sourceTree = "<group>"; };
		6BDBEA522313FFF3005A337C /* Base */ = {isa = PBXFileReference; lastKnownFileType = file.storyboard; name = Base; path = Base.lproj/LaunchScreen.storyboard; sourceTree = "<group>"; };
		6BDBEA542313FFF3005A337C /* Info.plist */ = {isa = PBXFileReference; lastKnownFileType = text.plist.xml; path = Info.plist; sourceTree = "<group>"; };
		6BDBEA592313FFF4005A337C /* IEV ExpenseTests.xctest */ = {isa = PBXFileReference; explicitFileType = wrapper.cfbundle; includeInIndex = 0; path = "IEV ExpenseTests.xctest"; sourceTree = BUILT_PRODUCTS_DIR; };
		6BDBEA5D2313FFF4005A337C /* IEV_ExpenseTests.swift */ = {isa = PBXFileReference; lastKnownFileType = sourcecode.swift; path = IEV_ExpenseTests.swift; sourceTree = "<group>"; };
		6BDBEA5F2313FFF4005A337C /* Info.plist */ = {isa = PBXFileReference; lastKnownFileType = text.plist.xml; path = Info.plist; sourceTree = "<group>"; };
		6BDBEA642313FFF4005A337C /* IEV ExpenseUITests.xctest */ = {isa = PBXFileReference; explicitFileType = wrapper.cfbundle; includeInIndex = 0; path = "IEV ExpenseUITests.xctest"; sourceTree = BUILT_PRODUCTS_DIR; };
		6BDBEA682313FFF4005A337C /* IEV_ExpenseUITests.swift */ = {isa = PBXFileReference; lastKnownFileType = sourcecode.swift; path = IEV_ExpenseUITests.swift; sourceTree = "<group>"; };
		6BDBEA6A2313FFF4005A337C /* Info.plist */ = {isa = PBXFileReference; lastKnownFileType = text.plist.xml; path = Info.plist; sourceTree = "<group>"; };
		86C53DB803818CDDFDBCEDD3 /* Pods_IEV_ExpenseTests.framework */ = {isa = PBXFileReference; explicitFileType = wrapper.framework; includeInIndex = 0; path = Pods_IEV_ExpenseTests.framework; sourceTree = BUILT_PRODUCTS_DIR; };
		89E6FF0C6296D747A010FB2F /* Pods-IEV Expense.debug.xcconfig */ = {isa = PBXFileReference; includeInIndex = 1; lastKnownFileType = text.xcconfig; name = "Pods-IEV Expense.debug.xcconfig"; path = "Pods/Target Support Files/Pods-IEV Expense/Pods-IEV Expense.debug.xcconfig"; sourceTree = "<group>"; };
		D6759C0C0C3259D4C3C775B7 /* Pods-IEV ExpenseUITests.release.xcconfig */ = {isa = PBXFileReference; includeInIndex = 1; lastKnownFileType = text.xcconfig; name = "Pods-IEV ExpenseUITests.release.xcconfig"; path = "Pods/Target Support Files/Pods-IEV ExpenseUITests/Pods-IEV ExpenseUITests.release.xcconfig"; sourceTree = "<group>"; };
		EF8427600E20BFD11AD9ADC2 /* Pods-IEV ExpenseUITests.debug.xcconfig */ = {isa = PBXFileReference; includeInIndex = 1; lastKnownFileType = text.xcconfig; name = "Pods-IEV ExpenseUITests.debug.xcconfig"; path = "Pods/Target Support Files/Pods-IEV ExpenseUITests/Pods-IEV ExpenseUITests.debug.xcconfig"; sourceTree = "<group>"; };
/* End PBXFileReference section */

/* Begin PBXFrameworksBuildPhase section */
		6BDBEA422313FFF2005A337C /* Frameworks */ = {
			isa = PBXFrameworksBuildPhase;
			buildActionMask = 2147483647;
			files = (
				9FE0F7C2DA98E7A57FD7239A /* Pods_IEV_Expense.framework in Frameworks */,
			);
			runOnlyForDeploymentPostprocessing = 0;
		};
		6BDBEA562313FFF4005A337C /* Frameworks */ = {
			isa = PBXFrameworksBuildPhase;
			buildActionMask = 2147483647;
			files = (
				B7CEF911BD85993B37FA3DC6 /* Pods_IEV_ExpenseTests.framework in Frameworks */,
			);
			runOnlyForDeploymentPostprocessing = 0;
		};
		6BDBEA612313FFF4005A337C /* Frameworks */ = {
			isa = PBXFrameworksBuildPhase;
			buildActionMask = 2147483647;
			files = (
				6B6A7A8E9D7BC36AE9E9AE39 /* Pods_IEV_ExpenseUITests.framework in Frameworks */,
			);
			runOnlyForDeploymentPostprocessing = 0;
		};
/* End PBXFrameworksBuildPhase section */

/* Begin PBXGroup section */
		345A0526994D50C7F67C86CA /* Pods */ = {
			isa = PBXGroup;
			children = (
				89E6FF0C6296D747A010FB2F /* Pods-IEV Expense.debug.xcconfig */,
				16617DC62451E38480EF7C30 /* Pods-IEV Expense.release.xcconfig */,
				20E2675A3A8DDD126AF38DE0 /* Pods-IEV ExpenseTests.debug.xcconfig */,
				2FA2664211CFB0681DD338D6 /* Pods-IEV ExpenseTests.release.xcconfig */,
				EF8427600E20BFD11AD9ADC2 /* Pods-IEV ExpenseUITests.debug.xcconfig */,
				D6759C0C0C3259D4C3C775B7 /* Pods-IEV ExpenseUITests.release.xcconfig */,
			);
			name = Pods;
			sourceTree = "<group>";
		};
		6BDBEA3C2313FFF2005A337C = {
			isa = PBXGroup;
			children = (
				6BDBEA472313FFF2005A337C /* IEV Expense */,
				6BDBEA5C2313FFF4005A337C /* IEV ExpenseTests */,
				6BDBEA672313FFF4005A337C /* IEV ExpenseUITests */,
				6BDBEA462313FFF2005A337C /* Products */,
				345A0526994D50C7F67C86CA /* Pods */,
				B6F22E62130FC3171CB53D53 /* Frameworks */,
			);
			sourceTree = "<group>";
		};
		6BDBEA462313FFF2005A337C /* Products */ = {
			isa = PBXGroup;
			children = (
				6BDBEA452313FFF2005A337C /* IEV Expense.app */,
				6BDBEA592313FFF4005A337C /* IEV ExpenseTests.xctest */,
				6BDBEA642313FFF4005A337C /* IEV ExpenseUITests.xctest */,
			);
			name = Products;
			sourceTree = "<group>";
		};
		6BDBEA472313FFF2005A337C /* IEV Expense */ = {
			isa = PBXGroup;
			children = (
				6BDBEA482313FFF2005A337C /* AppDelegate.swift */,
				6BDBEA4A2313FFF2005A337C /* ViewController.swift */,
				6BDBEA4C2313FFF2005A337C /* Main.storyboard */,
				6BDBEA4F2313FFF3005A337C /* Assets.xcassets */,
				6BDBEA512313FFF3005A337C /* LaunchScreen.storyboard */,
				6BDBEA542313FFF3005A337C /* Info.plist */,
			);
			path = "IEV Expense";
			sourceTree = "<group>";
		};
		6BDBEA5C2313FFF4005A337C /* IEV ExpenseTests */ = {
			isa = PBXGroup;
			children = (
				6BDBEA5D2313FFF4005A337C /* IEV_ExpenseTests.swift */,
				6BDBEA5F2313FFF4005A337C /* Info.plist */,
			);
			path = "IEV ExpenseTests";
			sourceTree = "<group>";
		};
		6BDBEA672313FFF4005A337C /* IEV ExpenseUITests */ = {
			isa = PBXGroup;
			children = (
				6BDBEA682313FFF4005A337C /* IEV_ExpenseUITests.swift */,
				6BDBEA6A2313FFF4005A337C /* Info.plist */,
			);
			path = "IEV ExpenseUITests";
			sourceTree = "<group>";
		};
		B6F22E62130FC3171CB53D53 /* Frameworks */ = {
			isa = PBXGroup;
			children = (
				2331A31758B7684F476CC115 /* Pods_IEV_Expense.framework */,
				86C53DB803818CDDFDBCEDD3 /* Pods_IEV_ExpenseTests.framework */,
				66A318E0B56F3AE14B73B429 /* Pods_IEV_ExpenseUITests.framework */,
			);
			name = Frameworks;
			sourceTree = "<group>";
		};
/* End PBXGroup section */

/* Begin PBXNativeTarget section */
		6BDBEA442313FFF2005A337C /* IEV Expense */ = {
			isa = PBXNativeTarget;
			buildConfigurationList = 6BDBEA6D2313FFF4005A337C /* Build configuration list for PBXNativeTarget "IEV Expense" */;
			buildPhases = (
				21141B0BEC40D027D61A639B /* [CP] Check Pods Manifest.lock */,
				6BDBEA412313FFF2005A337C /* Sources */,
				6BDBEA422313FFF2005A337C /* Frameworks */,
				6BDBEA432313FFF2005A337C /* Resources */,
			);
			buildRules = (
			);
			dependencies = (
			);
			name = "IEV Expense";
			productName = "IEV Expense";
			productReference = 6BDBEA452313FFF2005A337C /* IEV Expense.app */;
			productType = "com.apple.product-type.application";
		};
		6BDBEA582313FFF4005A337C /* IEV ExpenseTests */ = {
			isa = PBXNativeTarget;
			buildConfigurationList = 6BDBEA702313FFF4005A337C /* Build configuration list for PBXNativeTarget "IEV ExpenseTests" */;
			buildPhases = (
				94056AFEBFCA4AF362F9394F /* [CP] Check Pods Manifest.lock */,
				6BDBEA552313FFF4005A337C /* Sources */,
				6BDBEA562313FFF4005A337C /* Frameworks */,
				6BDBEA572313FFF4005A337C /* Resources */,
			);
			buildRules = (
			);
			dependencies = (
				6BDBEA5B2313FFF4005A337C /* PBXTargetDependency */,
			);
			name = "IEV ExpenseTests";
			productName = "IEV ExpenseTests";
			productReference = 6BDBEA592313FFF4005A337C /* IEV ExpenseTests.xctest */;
			productType = "com.apple.product-type.bundle.unit-test";
		};
		6BDBEA632313FFF4005A337C /* IEV ExpenseUITests */ = {
			isa = PBXNativeTarget;
			buildConfigurationList = 6BDBEA732313FFF4005A337C /* Build configuration list for PBXNativeTarget "IEV ExpenseUITests" */;
			buildPhases = (
				02489A5E56D41E6583F60EB3 /* [CP] Check Pods Manifest.lock */,
				6BDBEA602313FFF4005A337C /* Sources */,
				6BDBEA612313FFF4005A337C /* Frameworks */,
				6BDBEA622313FFF4005A337C /* Resources */,
			);
			buildRules = (
			);
			dependencies = (
				6BDBEA662313FFF4005A337C /* PBXTargetDependency */,
			);
			name = "IEV ExpenseUITests";
			productName = "IEV ExpenseUITests";
			productReference = 6BDBEA642313FFF4005A337C /* IEV ExpenseUITests.xctest */;
			productType = "com.apple.product-type.bundle.ui-testing";
		};
/* End PBXNativeTarget section */

/* Begin PBXProject section */
		6BDBEA3D2313FFF2005A337C /* Project object */ = {
			isa = PBXProject;
			attributes = {
				LastSwiftUpdateCheck = 1020;
				LastUpgradeCheck = 1020;
				ORGANIZATIONNAME = SG;
				TargetAttributes = {
					6BDBEA442313FFF2005A337C = {
						CreatedOnToolsVersion = 10.2.1;
					};
					6BDBEA582313FFF4005A337C = {
						CreatedOnToolsVersion = 10.2.1;
						TestTargetID = 6BDBEA442313FFF2005A337C;
					};
					6BDBEA632313FFF4005A337C = {
						CreatedOnToolsVersion = 10.2.1;
						TestTargetID = 6BDBEA442313FFF2005A337C;
					};
				};
			};
			buildConfigurationList = 6BDBEA402313FFF2005A337C /* Build configuration list for PBXProject "IEV Expense" */;
			compatibilityVersion = "Xcode 9.3";
			developmentRegion = en;
			hasScannedForEncodings = 0;
			knownRegions = (
				en,
				Base,
			);
			mainGroup = 6BDBEA3C2313FFF2005A337C;
			productRefGroup = 6BDBEA462313FFF2005A337C /* Products */;
			projectDirPath = "";
			projectRoot = "";
			targets = (
				6BDBEA442313FFF2005A337C /* IEV Expense */,
				6BDBEA582313FFF4005A337C /* IEV ExpenseTests */,
				6BDBEA632313FFF4005A337C /* IEV ExpenseUITests */,
			);
		};
/* End PBXProject section */

/* Begin PBXResourcesBuildPhase section */
		6BDBEA432313FFF2005A337C /* Resources */ = {
			isa = PBXResourcesBuildPhase;
			buildActionMask = 2147483647;
			files = (
				6BDBEA532313FFF3005A337C /* LaunchScreen.storyboard in Resources */,
				6BDBEA502313FFF3005A337C /* Assets.xcassets in Resources */,
				6BDBEA4E2313FFF2005A337C /* Main.storyboard in Resources */,
			);
			runOnlyForDeploymentPostprocessing = 0;
		};
		6BDBEA572313FFF4005A337C /* Resources */ = {
			isa = PBXResourcesBuildPhase;
			buildActionMask = 2147483647;
			files = (
			);
			runOnlyForDeploymentPostprocessing = 0;
		};
		6BDBEA622313FFF4005A337C /* Resources */ = {
			isa = PBXResourcesBuildPhase;
			buildActionMask = 2147483647;
			files = (
			);
			runOnlyForDeploymentPostprocessing = 0;
		};
/* End PBXResourcesBuildPhase section */

/* Begin PBXShellScriptBuildPhase section */
		02489A5E56D41E6583F60EB3 /* [CP] Check Pods Manifest.lock */ = {
			isa = PBXShellScriptBuildPhase;
			buildActionMask = 2147483647;
			files = (
			);
			inputFileListPaths = (
			);
			inputPaths = (
				"${PODS_PODFILE_DIR_PATH}/Podfile.lock",
				"${PODS_ROOT}/Manifest.lock",
			);
			name = "[CP] Check Pods Manifest.lock";
			outputFileListPaths = (
			);
			outputPaths = (
				"$(DERIVED_FILE_DIR)/Pods-IEV ExpenseUITests-checkManifestLockResult.txt",
			);
			runOnlyForDeploymentPostprocessing = 0;
			shellPath = /bin/sh;
			shellScript = "diff \"${PODS_PODFILE_DIR_PATH}/Podfile.lock\" \"${PODS_ROOT}/Manifest.lock\" > /dev/null\nif [ $? != 0 ] ; then\n    # print error to STDERR\n    echo \"error: The sandbox is not in sync with the Podfile.lock. Run 'pod install' or update your CocoaPods installation.\" >&2\n    exit 1\nfi\n# This output is used by Xcode 'outputs' to avoid re-running this script phase.\necho \"SUCCESS\" > \"${SCRIPT_OUTPUT_FILE_0}\"\n";
			showEnvVarsInLog = 0;
		};
		21141B0BEC40D027D61A639B /* [CP] Check Pods Manifest.lock */ = {
			isa = PBXShellScriptBuildPhase;
			buildActionMask = 2147483647;
			files = (
			);
			inputFileListPaths = (
			);
			inputPaths = (
				"${PODS_PODFILE_DIR_PATH}/Podfile.lock",
				"${PODS_ROOT}/Manifest.lock",
			);
			name = "[CP] Check Pods Manifest.lock";
			outputFileListPaths = (
			);
			outputPaths = (
				"$(DERIVED_FILE_DIR)/Pods-IEV Expense-checkManifestLockResult.txt",
			);
			runOnlyForDeploymentPostprocessing = 0;
			shellPath = /bin/sh;
			shellScript = "diff \"${PODS_PODFILE_DIR_PATH}/Podfile.lock\" \"${PODS_ROOT}/Manifest.lock\" > /dev/null\nif [ $? != 0 ] ; then\n    # print error to STDERR\n    echo \"error: The sandbox is not in sync with the Podfile.lock. Run 'pod install' or update your CocoaPods installation.\" >&2\n    exit 1\nfi\n# This output is used by Xcode 'outputs' to avoid re-running this script phase.\necho \"SUCCESS\" > \"${SCRIPT_OUTPUT_FILE_0}\"\n";
			showEnvVarsInLog = 0;
		};
		94056AFEBFCA4AF362F9394F /* [CP] Check Pods Manifest.lock */ = {
			isa = PBXShellScriptBuildPhase;
			buildActionMask = 2147483647;
			files = (
			);
			inputFileListPaths = (
			);
			inputPaths = (
				"${PODS_PODFILE_DIR_PATH}/Podfile.lock",
				"${PODS_ROOT}/Manifest.lock",
			);
			name = "[CP] Check Pods Manifest.lock";
			outputFileListPaths = (
			);
			outputPaths = (
				"$(DERIVED_FILE_DIR)/Pods-IEV ExpenseTests-checkManifestLockResult.txt",
			);
			runOnlyForDeploymentPostprocessing = 0;
			shellPath = /bin/sh;
			shellScript = "diff \"${PODS_PODFILE_DIR_PATH}/Podfile.lock\" \"${PODS_ROOT}/Manifest.lock\" > /dev/null\nif [ $? != 0 ] ; then\n    # print error to STDERR\n    echo \"error: The sandbox is not in sync with the Podfile.lock. Run 'pod install' or update your CocoaPods installation.\" >&2\n    exit 1\nfi\n# This output is used by Xcode 'outputs' to avoid re-running this script phase.\necho \"SUCCESS\" > \"${SCRIPT_OUTPUT_FILE_0}\"\n";
			showEnvVarsInLog = 0;
		};
/* End PBXShellScriptBuildPhase section */

/* Begin PBXSourcesBuildPhase section */
		6BDBEA412313FFF2005A337C /* Sources */ = {
			isa = PBXSourcesBuildPhase;
			buildActionMask = 2147483647;
			files = (
				6BDBEA4B2313FFF2005A337C /* ViewController.swift in Sources */,
				6BDBEA492313FFF2005A337C /* AppDelegate.swift in Sources */,
			);
			runOnlyForDeploymentPostprocessing = 0;
		};
		6BDBEA552313FFF4005A337C /* Sources */ = {
			isa = PBXSourcesBuildPhase;
			buildActionMask = 2147483647;
			files = (
				6BDBEA5E2313FFF4005A337C /* IEV_ExpenseTests.swift in Sources */,
			);
			runOnlyForDeploymentPostprocessing = 0;
		};
		6BDBEA602313FFF4005A337C /* Sources */ = {
			isa = PBXSourcesBuildPhase;
			buildActionMask = 2147483647;
			files = (
				6BDBEA692313FFF4005A337C /* IEV_ExpenseUITests.swift in Sources */,
			);
			runOnlyForDeploymentPostprocessing = 0;
		};
/* End PBXSourcesBuildPhase section */

/* Begin PBXTargetDependency section */
		6BDBEA5B2313FFF4005A337C /* PBXTargetDependency */ = {
			isa = PBXTargetDependency;
			target = 6BDBEA442313FFF2005A337C /* IEV Expense */;
			targetProxy = 6BDBEA5A2313FFF4005A337C /* PBXContainerItemProxy */;
		};
		6BDBEA662313FFF4005A337C /* PBXTargetDependency */ = {
			isa = PBXTargetDependency;
			target = 6BDBEA442313FFF2005A337C /* IEV Expense */;
			targetProxy = 6BDBEA652313FFF4005A337C /* PBXContainerItemProxy */;
		};
/* End PBXTargetDependency section */

/* Begin PBXVariantGroup section */
		6BDBEA4C2313FFF2005A337C /* Main.storyboard */ = {
			isa = PBXVariantGroup;
			children = (
				6BDBEA4D2313FFF2005A337C /* Base */,
			);
			name = Main.storyboard;
			sourceTree = "<group>";
		};
		6BDBEA512313FFF3005A337C /* LaunchScreen.storyboard */ = {
			isa = PBXVariantGroup;
			children = (
				6BDBEA522313FFF3005A337C /* Base */,
			);
			name = LaunchScreen.storyboard;
			sourceTree = "<group>";
		};
/* End PBXVariantGroup section */

/* Begin XCBuildConfiguration section */
		6BDBEA6B2313FFF4005A337C /* Debug */ = {
			isa = XCBuildConfiguration;
			buildSettings = {
				ALWAYS_SEARCH_USER_PATHS = NO;
				CLANG_ANALYZER_NONNULL = YES;
				CLANG_ANALYZER_NUMBER_OBJECT_CONVERSION = YES_AGGRESSIVE;
				CLANG_CXX_LANGUAGE_STANDARD = "gnu++14";
				CLANG_CXX_LIBRARY = "libc++";
				CLANG_ENABLE_MODULES = YES;
				CLANG_ENABLE_OBJC_ARC = YES;
				CLANG_ENABLE_OBJC_WEAK = YES;
				CLANG_WARN_BLOCK_CAPTURE_AUTORELEASING = YES;
				CLANG_WARN_BOOL_CONVERSION = YES;
				CLANG_WARN_COMMA = YES;
				CLANG_WARN_CONSTANT_CONVERSION = YES;
				CLANG_WARN_DEPRECATED_OBJC_IMPLEMENTATIONS = YES;
				CLANG_WARN_DIRECT_OBJC_ISA_USAGE = YES_ERROR;
				CLANG_WARN_DOCUMENTATION_COMMENTS = YES;
				CLANG_WARN_EMPTY_BODY = YES;
				CLANG_WARN_ENUM_CONVERSION = YES;
				CLANG_WARN_INFINITE_RECURSION = YES;
				CLANG_WARN_INT_CONVERSION = YES;
				CLANG_WARN_NON_LITERAL_NULL_CONVERSION = YES;
				CLANG_WARN_OBJC_IMPLICIT_RETAIN_SELF = YES;
				CLANG_WARN_OBJC_LITERAL_CONVERSION = YES;
				CLANG_WARN_OBJC_ROOT_CLASS = YES_ERROR;
				CLANG_WARN_RANGE_LOOP_ANALYSIS = YES;
				CLANG_WARN_STRICT_PROTOTYPES = YES;
				CLANG_WARN_SUSPICIOUS_MOVE = YES;
				CLANG_WARN_UNGUARDED_AVAILABILITY = YES_AGGRESSIVE;
				CLANG_WARN_UNREACHABLE_CODE = YES;
				CLANG_WARN__DUPLICATE_METHOD_MATCH = YES;
				CODE_SIGN_IDENTITY = "iPhone Developer";
				COPY_PHASE_STRIP = NO;
				DEBUG_INFORMATION_FORMAT = dwarf;
				ENABLE_STRICT_OBJC_MSGSEND = YES;
				ENABLE_TESTABILITY = YES;
				GCC_C_LANGUAGE_STANDARD = gnu11;
				GCC_DYNAMIC_NO_PIC = NO;
				GCC_NO_COMMON_BLOCKS = YES;
				GCC_OPTIMIZATION_LEVEL = 0;
				GCC_PREPROCESSOR_DEFINITIONS = (
					"DEBUG=1",
					"$(inherited)",
				);
				GCC_WARN_64_TO_32_BIT_CONVERSION = YES;
				GCC_WARN_ABOUT_RETURN_TYPE = YES_ERROR;
				GCC_WARN_UNDECLARED_SELECTOR = YES;
				GCC_WARN_UNINITIALIZED_AUTOS = YES_AGGRESSIVE;
				GCC_WARN_UNUSED_FUNCTION = YES;
				GCC_WARN_UNUSED_VARIABLE = YES;
				IPHONEOS_DEPLOYMENT_TARGET = 11.0;
				MTL_ENABLE_DEBUG_INFO = INCLUDE_SOURCE;
				MTL_FAST_MATH = YES;
				ONLY_ACTIVE_ARCH = YES;
				SDKROOT = iphoneos;
				SWIFT_ACTIVE_COMPILATION_CONDITIONS = DEBUG;
				SWIFT_OPTIMIZATION_LEVEL = "-Onone";
			};
			name = Debug;
		};
		6BDBEA6C2313FFF4005A337C /* Release */ = {
			isa = XCBuildConfiguration;
			buildSettings = {
				ALWAYS_SEARCH_USER_PATHS = NO;
				CLANG_ANALYZER_NONNULL = YES;
				CLANG_ANALYZER_NUMBER_OBJECT_CONVERSION = YES_AGGRESSIVE;
				CLANG_CXX_LANGUAGE_STANDARD = "gnu++14";
				CLANG_CXX_LIBRARY = "libc++";
				CLANG_ENABLE_MODULES = YES;
				CLANG_ENABLE_OBJC_ARC = YES;
				CLANG_ENABLE_OBJC_WEAK = YES;
				CLANG_WARN_BLOCK_CAPTURE_AUTORELEASING = YES;
				CLANG_WARN_BOOL_CONVERSION = YES;
				CLANG_WARN_COMMA = YES;
				CLANG_WARN_CONSTANT_CONVERSION = YES;
				CLANG_WARN_DEPRECATED_OBJC_IMPLEMENTATIONS = YES;
				CLANG_WARN_DIRECT_OBJC_ISA_USAGE = YES_ERROR;
				CLANG_WARN_DOCUMENTATION_COMMENTS = YES;
				CLANG_WARN_EMPTY_BODY = YES;
				CLANG_WARN_ENUM_CONVERSION = YES;
				CLANG_WARN_INFINITE_RECURSION = YES;
				CLANG_WARN_INT_CONVERSION = YES;
				CLANG_WARN_NON_LITERAL_NULL_CONVERSION = YES;
				CLANG_WARN_OBJC_IMPLICIT_RETAIN_SELF = YES;
				CLANG_WARN_OBJC_LITERAL_CONVERSION = YES;
				CLANG_WARN_OBJC_ROOT_CLASS = YES_ERROR;
				CLANG_WARN_RANGE_LOOP_ANALYSIS = YES;
				CLANG_WARN_STRICT_PROTOTYPES = YES;
				CLANG_WARN_SUSPICIOUS_MOVE = YES;
				CLANG_WARN_UNGUARDED_AVAILABILITY = YES_AGGRESSIVE;
				CLANG_WARN_UNREACHABLE_CODE = YES;
				CLANG_WARN__DUPLICATE_METHOD_MATCH = YES;
				CODE_SIGN_IDENTITY = "iPhone Developer";
				COPY_PHASE_STRIP = NO;
				DEBUG_INFORMATION_FORMAT = "dwarf-with-dsym";
				ENABLE_NS_ASSERTIONS = NO;
				ENABLE_STRICT_OBJC_MSGSEND = YES;
				GCC_C_LANGUAGE_STANDARD = gnu11;
				GCC_NO_COMMON_BLOCKS = YES;
				GCC_WARN_64_TO_32_BIT_CONVERSION = YES;
				GCC_WARN_ABOUT_RETURN_TYPE = YES_ERROR;
				GCC_WARN_UNDECLARED_SELECTOR = YES;
				GCC_WARN_UNINITIALIZED_AUTOS = YES_AGGRESSIVE;
				GCC_WARN_UNUSED_FUNCTION = YES;
				GCC_WARN_UNUSED_VARIABLE = YES;
				IPHONEOS_DEPLOYMENT_TARGET = 11.0;
				MTL_ENABLE_DEBUG_INFO = NO;
				MTL_FAST_MATH = YES;
				SDKROOT = iphoneos;
				SWIFT_COMPILATION_MODE = wholemodule;
				SWIFT_OPTIMIZATION_LEVEL = "-O";
				VALIDATE_PRODUCT = YES;
			};
			name = Release;
		};
		6BDBEA6E2313FFF4005A337C /* Debug */ = {
			isa = XCBuildConfiguration;
			baseConfigurationReference = 89E6FF0C6296D747A010FB2F /* Pods-IEV Expense.debug.xcconfig */;
			buildSettings = {
				ASSETCATALOG_COMPILER_APPICON_NAME = AppIcon;
				CODE_SIGN_STYLE = Automatic;
				DEVELOPMENT_TEAM = 7VKE5C6GBK;
				INFOPLIST_FILE = "IEV Expense/Info.plist";
				LD_RUNPATH_SEARCH_PATHS = (
					"$(inherited)",
					"@executable_path/Frameworks",
				);
				PRODUCT_BUNDLE_IDENTIFIER = com.pcsofterp.ievexpense;
				PRODUCT_NAME = "$(TARGET_NAME)";
				SWIFT_VERSION = 5.0;
				TARGETED_DEVICE_FAMILY = "1,2";
			};
			name = Debug;
		};
		6BDBEA6F2313FFF4005A337C /* Release */ = {
			isa = XCBuildConfiguration;
			baseConfigurationReference = 16617DC62451E38480EF7C30 /* Pods-IEV Expense.release.xcconfig */;
			buildSettings = {
				ASSETCATALOG_COMPILER_APPICON_NAME = AppIcon;
				CODE_SIGN_STYLE = Automatic;
				DEVELOPMENT_TEAM = 7VKE5C6GBK;
				INFOPLIST_FILE = "IEV Expense/Info.plist";
				LD_RUNPATH_SEARCH_PATHS = (
					"$(inherited)",
					"@executable_path/Frameworks",
				);
				PRODUCT_BUNDLE_IDENTIFIER = com.pcsofterp.ievexpense;
				PRODUCT_NAME = "$(TARGET_NAME)";
				SWIFT_VERSION = 5.0;
				TARGETED_DEVICE_FAMILY = "1,2";
			};
			name = Release;
		};
		6BDBEA712313FFF4005A337C /* Debug */ = {
			isa = XCBuildConfiguration;
			baseConfigurationReference = 20E2675A3A8DDD126AF38DE0 /* Pods-IEV ExpenseTests.debug.xcconfig */;
			buildSettings = {
				ALWAYS_EMBED_SWIFT_STANDARD_LIBRARIES = YES;
				BUNDLE_LOADER = "$(TEST_HOST)";
				CODE_SIGN_STYLE = Automatic;
				DEVELOPMENT_TEAM = 859WKE24J5;
				INFOPLIST_FILE = "IEV ExpenseTests/Info.plist";
				LD_RUNPATH_SEARCH_PATHS = (
					"$(inherited)",
					"@executable_path/Frameworks",
					"@loader_path/Frameworks",
				);
				PRODUCT_BUNDLE_IDENTIFIER = "com.pcsoft.ievexpense.IEV-ExpenseTests";
				PRODUCT_NAME = "$(TARGET_NAME)";
				SWIFT_VERSION = 5.0;
				TARGETED_DEVICE_FAMILY = "1,2";
				TEST_HOST = "$(BUILT_PRODUCTS_DIR)/IEV Expense.app/IEV Expense";
			};
			name = Debug;
		};
		6BDBEA722313FFF4005A337C /* Release */ = {
			isa = XCBuildConfiguration;
			baseConfigurationReference = 2FA2664211CFB0681DD338D6 /* Pods-IEV ExpenseTests.release.xcconfig */;
			buildSettings = {
				ALWAYS_EMBED_SWIFT_STANDARD_LIBRARIES = YES;
				BUNDLE_LOADER = "$(TEST_HOST)";
				CODE_SIGN_STYLE = Automatic;
				DEVELOPMENT_TEAM = 859WKE24J5;
				INFOPLIST_FILE = "IEV ExpenseTests/Info.plist";
				LD_RUNPATH_SEARCH_PATHS = (
					"$(inherited)",
					"@executable_path/Frameworks",
					"@loader_path/Frameworks",
				);
				PRODUCT_BUNDLE_IDENTIFIER = "com.pcsoft.ievexpense.IEV-ExpenseTests";
				PRODUCT_NAME = "$(TARGET_NAME)";
				SWIFT_VERSION = 5.0;
				TARGETED_DEVICE_FAMILY = "1,2";
				TEST_HOST = "$(BUILT_PRODUCTS_DIR)/IEV Expense.app/IEV Expense";
			};
			name = Release;
		};
		6BDBEA742313FFF4005A337C /* Debug */ = {
			isa = XCBuildConfiguration;
			baseConfigurationReference = EF8427600E20BFD11AD9ADC2 /* Pods-IEV ExpenseUITests.debug.xcconfig */;
			buildSettings = {
				ALWAYS_EMBED_SWIFT_STANDARD_LIBRARIES = YES;
				CODE_SIGN_STYLE = Automatic;
				DEVELOPMENT_TEAM = 859WKE24J5;
				INFOPLIST_FILE = "IEV ExpenseUITests/Info.plist";
				LD_RUNPATH_SEARCH_PATHS = (
					"$(inherited)",
					"@executable_path/Frameworks",
					"@loader_path/Frameworks",
				);
				PRODUCT_BUNDLE_IDENTIFIER = "com.pcsoft.ievexpense.IEV-ExpenseUITests";
				PRODUCT_NAME = "$(TARGET_NAME)";
				SWIFT_VERSION = 5.0;
				TARGETED_DEVICE_FAMILY = "1,2";
				TEST_TARGET_NAME = "IEV Expense";
			};
			name = Debug;
		};
		6BDBEA752313FFF4005A337C /* Release */ = {
			isa = XCBuildConfiguration;
			baseConfigurationReference = D6759C0C0C3259D4C3C775B7 /* Pods-IEV ExpenseUITests.release.xcconfig */;
			buildSettings = {
				ALWAYS_EMBED_SWIFT_STANDARD_LIBRARIES = YES;
				CODE_SIGN_STYLE = Automatic;
				DEVELOPMENT_TEAM = 859WKE24J5;
				INFOPLIST_FILE = "IEV ExpenseUITests/Info.plist";
				LD_RUNPATH_SEARCH_PATHS = (
					"$(inherited)",
					"@executable_path/Frameworks",
					"@loader_path/Frameworks",
				);
				PRODUCT_BUNDLE_IDENTIFIER = "com.pcsoft.ievexpense.IEV-ExpenseUITests";
				PRODUCT_NAME = "$(TARGET_NAME)";
				SWIFT_VERSION = 5.0;
				TARGETED_DEVICE_FAMILY = "1,2";
				TEST_TARGET_NAME = "IEV Expense";
			};
			name = Release;
		};
/* End XCBuildConfiguration section */

/* Begin XCConfigurationList section */
		6BDBEA402313FFF2005A337C /* Build configuration list for PBXProject "IEV Expense" */ = {
			isa = XCConfigurationList;
			buildConfigurations = (
				6BDBEA6B2313FFF4005A337C /* Debug */,
				6BDBEA6C2313FFF4005A337C /* Release */,
			);
			defaultConfigurationIsVisible = 0;
			defaultConfigurationName = Release;
		};
		6BDBEA6D2313FFF4005A337C /* Build configuration list for PBXNativeTarget "IEV Expense" */ = {
			isa = XCConfigurationList;
			buildConfigurations = (
				6BDBEA6E2313FFF4005A337C /* Debug */,
				6BDBEA6F2313FFF4005A337C /* Release */,
			);
			defaultConfigurationIsVisible = 0;
			defaultConfigurationName = Release;
		};
		6BDBEA702313FFF4005A337C /* Build configuration list for PBXNativeTarget "IEV ExpenseTests" */ = {
			isa = XCConfigurationList;
			buildConfigurations = (
				6BDBEA712313FFF4005A337C /* Debug */,
				6BDBEA722313FFF4005A337C /* Release */,
			);
			defaultConfigurationIsVisible = 0;
			defaultConfigurationName = Release;
		};
		6BDBEA732313FFF4005A337C /* Build configuration list for PBXNativeTarget "IEV ExpenseUITests" */ = {
			isa = XCConfigurationList;
			buildConfigurations = (
				6BDBEA742313FFF4005A337C /* Debug */,
				6BDBEA752313FFF4005A337C /* Release */,
			);
			defaultConfigurationIsVisible = 0;
			defaultConfigurationName = Release;
		};
/* End XCConfigurationList section */
	};
	rootObject = 6BDBEA3D2313FFF2005A337C /* Project object */;
}
